
Microsoft Visual Studio Solution File, Format Version 12.00
# Visual Studio Version 16
VisualStudioVersion = 16.0.29509.3
MinimumVisualStudioVersion = 10.0.40219.1
Project("{FAE04EC0-301F-11D3-BF4B-00C04F79EFBC}") = "XCOM", "XCOM.csproj", "{1340D29B-3026-4864-862A-F2A0D82DDCA8}"
EndProject
Global
	GlobalSection(SolutionConfigurationPlatforms) = preSolution
		Debug|Any CPU = Debug|Any CPU
		Release|Any CPU = Release|Any CPU
	EndGlobalSection
	GlobalSection(ProjectConfigurationPlatforms) = postSolution
		{1340D29B-3026-4864-862A-F2A0D82DDCA8}.Debug|Any CPU.ActiveCfg = Debug|Any CPU
		{1340D29B-3026-4864-862A-F2A0D82DDCA8}.Debug|Any CPU.Build.0 = Debug|Any CPU
		{1340D29B-3026-4864-862A-F2A0D82DDCA8}.Release|Any CPU.ActiveCfg = Release|Any CPU
		{1340D29B-3026-4864-862A-F2A0D82DDCA8}.Release|Any CPU.Build.0 = Release|Any CPU
	EndGlobalSection
	GlobalSection(SolutionProperties) = preSolution
		HideSolutionNode = FALSE
	EndGlobalSection
	GlobalSection(ExtensibilityGlobals) = postSolution
		SolutionGuid = {E347F8F0-A32B-4799-BDBA-D3D15C603407}
	EndGlobalSection
EndGlobal
